
Microsoft Visual Studio Solution File, Format Version 12.00
# Visual Studio 15
VisualStudioVersion = 15.0.27130.2027
MinimumVisualStudioVersion = 10.0.40219.1
Project("{FAE04EC0-301F-11D3-BF4B-00C04F79EFBC}") = "simpleWallet", "simpleWallet\simpleWallet.csproj", "{EE28E84D-A017-40F2-8336-CCEDBEABEFBE}"
EndProject
Global
	GlobalSection(SolutionConfigurationPlatforms) = preSolution
		Debug|Any CPU = Debug|Any CPU
		Release|Any CPU = Release|Any CPU
	EndGlobalSection
	GlobalSection(ProjectConfigurationPlatforms) = postSolution
		{EE28E84D-A017-40F2-8336-CCEDBEABEFBE}.Debug|Any CPU.ActiveCfg = Debug|Any CPU
		{EE28E84D-A017-40F2-8336-CCEDBEABEFBE}.Debug|Any CPU.Build.0 = Debug|Any CPU
		{EE28E84D-A017-40F2-8336-CCEDBEABEFBE}.Release|Any CPU.ActiveCfg = Release|Any CPU
		{EE28E84D-A017-40F2-8336-CCEDBEABEFBE}.Release|Any CPU.Build.0 = Release|Any CPU
	EndGlobalSection
	GlobalSection(SolutionProperties) = preSolution
		HideSolutionNode = FALSE
	EndGlobalSection
	GlobalSection(ExtensibilityGlobals) = postSolution
		SolutionGuid = {E765DE4F-81C9-49E1-9954-15FDE5B41F60}
	EndGlobalSection
EndGlobal
